{
  "nodes": {
    "darkmatter-grub-theme": {
      "inputs": {
        "flake-compat": "flake-compat",
        "nixpkgs": [
          "nixpkgs"
        ]
      },
      "locked": {
        "lastModified": 1683347392,
        "narHash": "sha256-snW+8pJvBQ1B11FmUf6kSgARZW5OvW9uXgxA2VrlzcQ=",
        "owner": "VandalByte",
        "repo": "darkmatter-grub-theme",
        "rev": "efe1abbde0aa9410217247d415ff734583af9711",
        "type": "gitlab"
      },
      "original": {
        "owner": "VandalByte",
        "repo": "darkmatter-grub-theme",
        "type": "gitlab"
      }
    },
    "flake-compat": {
      "flake": false,
      "locked": {
        "lastModified": 1673956053,
        "narHash": "sha256-4gtG9iQuiKITOjNQQeQIpoIB6b16fm+504Ch3sNKLd8=",
        "owner": "edolstra",
        "repo": "flake-compat",
        "rev": "35bb57c0c8d8b62bbfd284272c928ceb64ddbde9",
        "type": "github"
      },
      "original": {
        "owner": "edolstra",
        "repo": "flake-compat",
        "type": "github"
      }
    },
    "home-manager": {
      "inputs": {
        "nixpkgs": [
          "nixpkgs"
        ]
      },
      "locked": {
        "lastModified": 1736373539,
        "narHash": "sha256-dinzAqCjenWDxuy+MqUQq0I4zUSfaCvN9rzuCmgMZJY=",
        "owner": "nix-community",
        "repo": "home-manager",
        "rev": "bd65bc3cde04c16755955630b344bc9e35272c56",
        "type": "github"
      },
      "original": {
        "owner": "nix-community",
        "ref": "release-24.11",
        "repo": "home-manager",
        "type": "github"
      }
    },
    "kmonad": {
      "inputs": {
        "nixpkgs": [
          "nixpkgs"
        ]
      },
      "locked": {
        "dir": "nix",
        "lastModified": 1736192527,
        "narHash": "sha256-s0nfy/exouiq6JdBiOhEvcfK1Nh8d/cVzYB67b36WPI=",
        "ref": "refs/heads/master",
        "rev": "25de8837fdd89b5c70bb313188f7430fe29e0c42",
        "revCount": 900,
        "submodules": true,
        "type": "git",
        "url": "https://github.com/kmonad/kmonad?dir=nix"
      },
      "original": {
        "dir": "nix",
        "submodules": true,
        "type": "git",
        "url": "https://github.com/kmonad/kmonad?dir=nix"
      }
    },
    "mynvim": {
      "inputs": {
        "nixCats": "nixCats",
        "nixpkgs": "nixpkgs",
        "plugins-capslock-nvim": "plugins-capslock-nvim"
      },
      "locked": {
        "lastModified": 1736570813,
        "narHash": "sha256-+WX7o5zIGu/+6Cf4ca2b/9aKeUR1IFjIKUcYNGb86bA=",
        "owner": "cat-phish",
        "repo": "Neovim",
        "rev": "4b7c448d22cd13ce849d840e68e350bab604953e",
        "type": "github"
      },
      "original": {
        "owner": "cat-phish",
        "repo": "Neovim",
        "type": "github"
      }
    },
    "nixCats": {
      "locked": {
        "lastModified": 1735395058,
        "narHash": "sha256-/SqVdchMmzcDJhGoZnTQDtGF+MnVh5cAWa06b6swG7E=",
        "owner": "BirdeeHub",
        "repo": "nixCats-nvim",
        "rev": "3f3f3e9ea4e9b69735e06a757eca19ce06a25f80",
        "type": "github"
      },
      "original": {
        "owner": "BirdeeHub",
        "repo": "nixCats-nvim",
        "type": "github"
      }
    },
    "nixpkgs": {
      "locked": {
        "lastModified": 1736042175,
        "narHash": "sha256-jdd5UWtLVrNEW8K6u5sy5upNAFmF3S4Y+OIeToqJ1X8=",
        "owner": "nixos",
        "repo": "nixpkgs",
        "rev": "bf689c40d035239a489de5997a4da5352434632e",
        "type": "github"
      },
      "original": {
        "owner": "nixos",
        "ref": "nixpkgs-unstable",
        "repo": "nixpkgs",
        "type": "github"
      }
    },
    "nixpkgs-unstable": {
      "locked": {
        "lastModified": 1736344531,
        "narHash": "sha256-8YVQ9ZbSfuUk2bUf2KRj60NRraLPKPS0Q4QFTbc+c2c=",
        "owner": "NixOS",
        "repo": "nixpkgs",
        "rev": "bffc22eb12172e6db3c5dde9e3e5628f8e3e7912",
        "type": "github"
      },
      "original": {
        "id": "nixpkgs",
        "ref": "nixos-unstable",
        "type": "indirect"
      }
    },
    "nixpkgs_2": {
      "locked": {
        "lastModified": 1736200483,
        "narHash": "sha256-JO+lFN2HsCwSLMUWXHeOad6QUxOuwe9UOAF/iSl1J4I=",
        "owner": "NixOS",
        "repo": "nixpkgs",
        "rev": "3f0a8ac25fb674611b98089ca3a5dd6480175751",
        "type": "github"
      },
      "original": {
        "owner": "NixOS",
        "ref": "nixos-24.11",
        "repo": "nixpkgs",
        "type": "github"
      }
    },
    "plasma-manager": {
      "inputs": {
        "home-manager": [
          "home-manager"
        ],
        "nixpkgs": [
          "nixpkgs"
        ]
      },
      "locked": {
        "lastModified": 1691334417,
        "narHash": "sha256-xElhcE8Ibb2Or5+Ou0tlVv2xGYFZWP7OV/nyvbvwNpQ=",
        "owner": "mcdonc",
        "repo": "plasma-manager",
        "rev": "325b307974df79af68a1620fb47c5875d8997a91",
        "type": "github"
      },
      "original": {
        "owner": "mcdonc",
        "ref": "enable-look-and-feel-settings",
        "repo": "plasma-manager",
        "type": "github"
      }
    },
    "plugins-capslock-nvim": {
      "flake": false,
      "locked": {
        "lastModified": 1653140207,
        "narHash": "sha256-Dyg0fFclhDC6ulr9+7oIivvWm3N21tJZmUsniralfbk=",
        "owner": "barklan",
        "repo": "capslock.nvim",
        "rev": "35b560dd5585cd60e45a2367ad6ff9873f4c21a2",
        "type": "github"
      },
      "original": {
        "owner": "barklan",
        "repo": "capslock.nvim",
        "type": "github"
      }
    },
    "root": {
      "inputs": {
        "darkmatter-grub-theme": "darkmatter-grub-theme",
        "home-manager": "home-manager",
        "kmonad": "kmonad",
        "mynvim": "mynvim",
        "nixpkgs": "nixpkgs_2",
        "nixpkgs-unstable": "nixpkgs-unstable",
        "plasma-manager": "plasma-manager"
      }
    }
  },
  "root": "root",
  "version": 7
}
